
Microsoft Visual Studio Solution File, Format Version 12.00
# Visual Studio Express 2012 for Web
Project("{FAE04EC0-301F-11D3-BF4B-00C04F79EFBC}") = "SilverlightAsyncUIUpdates", "SilverlightAsyncUIUpdates\SilverlightAsyncUIUpdates.csproj", "{9F17C199-5024-4D82-BC46-58C4BDB1D32A}"
EndProject
Project("{FAE04EC0-301F-11D3-BF4B-00C04F79EFBC}") = "SilverlightAsyncUIUpdates.Web", "SilverlightAsyncUIUpdates.Web\SilverlightAsyncUIUpdates.Web.csproj", "{289F1678-693E-48DB-964B-36CFC1896604}"
EndProject
Global
	GlobalSection(SolutionConfigurationPlatforms) = preSolution
		Debug|Any CPU = Debug|Any CPU
		Release|Any CPU = Release|Any CPU
	EndGlobalSection
	GlobalSection(ProjectConfigurationPlatforms) = postSolution
		{9F17C199-5024-4D82-BC46-58C4BDB1D32A}.Debug|Any CPU.ActiveCfg = Debug|Any CPU
		{9F17C199-5024-4D82-BC46-58C4BDB1D32A}.Debug|Any CPU.Build.0 = Debug|Any CPU
		{9F17C199-5024-4D82-BC46-58C4BDB1D32A}.Release|Any CPU.ActiveCfg = Release|Any CPU
		{9F17C199-5024-4D82-BC46-58C4BDB1D32A}.Release|Any CPU.Build.0 = Release|Any CPU
		{289F1678-693E-48DB-964B-36CFC1896604}.Debug|Any CPU.ActiveCfg = Debug|Any CPU
		{289F1678-693E-48DB-964B-36CFC1896604}.Debug|Any CPU.Build.0 = Debug|Any CPU
		{289F1678-693E-48DB-964B-36CFC1896604}.Release|Any CPU.ActiveCfg = Release|Any CPU
		{289F1678-693E-48DB-964B-36CFC1896604}.Release|Any CPU.Build.0 = Release|Any CPU
	EndGlobalSection
	GlobalSection(SolutionProperties) = preSolution
		HideSolutionNode = FALSE
	EndGlobalSection
EndGlobal
